
Microsoft Visual Studio Solution File, Format Version 12.00
# Visual Studio Version 17
VisualStudioVersion = 17.9.34728.123
MinimumVisualStudioVersion = 10.0.40219.1
Project("{8BC9CEB8-8B4A-11D0-8D11-00A0C91BC942}") = "GameServer", "GameServer\GameServer.vcxproj", "{17CC1FF3-6963-44E4-8172-419A6832B7D5}"
EndProject
Project("{8BC9CEB8-8B4A-11D0-8D11-00A0C91BC942}") = "DummyClient", "DummyClient\DummyClient.vcxproj", "{E37709C8-3244-404B-919A-0B7985179BD9}"
EndProject
Project("{8BC9CEB8-8B4A-11D0-8D11-00A0C91BC942}") = "ServerCore", "ServerCore\ServerCore.vcxproj", "{D9E1178B-DEEC-4E84-A76F-BAC5CE91564C}"
EndProject
Project("{2150E333-8FDC-42A3-9474-1A3956D46DE8}") = "Tools", "Tools", "{DFBC82E3-1B5B-41EF-847C-E233DBE5C063}"
EndProject
Project("{888888A0-9F3D-457C-B088-3A5042F75D52}") = "PacketGenerator", "Tools\PacketGenerator\PacketGenerator.pyproj", "{43E7E50F-8158-4C10-959F-66B448E3F65F}"
EndProject
Global
	GlobalSection(SolutionConfigurationPlatforms) = preSolution
		Debug|Any CPU = Debug|Any CPU
		Debug|x64 = Debug|x64
		Debug|x86 = Debug|x86
		Release|Any CPU = Release|Any CPU
		Release|x64 = Release|x64
		Release|x86 = Release|x86
	EndGlobalSection
	GlobalSection(ProjectConfigurationPlatforms) = postSolution
		{17CC1FF3-6963-44E4-8172-419A6832B7D5}.Debug|Any CPU.ActiveCfg = Debug|x64
		{17CC1FF3-6963-44E4-8172-419A6832B7D5}.Debug|Any CPU.Build.0 = Debug|x64
		{17CC1FF3-6963-44E4-8172-419A6832B7D5}.Debug|x64.ActiveCfg = Debug|x64
		{17CC1FF3-6963-44E4-8172-419A6832B7D5}.Debug|x64.Build.0 = Debug|x64
		{17CC1FF3-6963-44E4-8172-419A6832B7D5}.Debug|x86.ActiveCfg = Debug|Win32
		{17CC1FF3-6963-44E4-8172-419A6832B7D5}.Debug|x86.Build.0 = Debug|Win32
		{17CC1FF3-6963-44E4-8172-419A6832B7D5}.Release|Any CPU.ActiveCfg = Release|x64
		{17CC1FF3-6963-44E4-8172-419A6832B7D5}.Release|Any CPU.Build.0 = Release|x64
		{17CC1FF3-6963-44E4-8172-419A6832B7D5}.Release|x64.ActiveCfg = Release|x64
		{17CC1FF3-6963-44E4-8172-419A6832B7D5}.Release|x64.Build.0 = Release|x64
		{17CC1FF3-6963-44E4-8172-419A6832B7D5}.Release|x86.ActiveCfg = Release|Win32
		{17CC1FF3-6963-44E4-8172-419A6832B7D5}.Release|x86.Build.0 = Release|Win32
		{E37709C8-3244-404B-919A-0B7985179BD9}.Debug|Any CPU.ActiveCfg = Debug|x64
		{E37709C8-3244-404B-919A-0B7985179BD9}.Debug|Any CPU.Build.0 = Debug|x64
		{E37709C8-3244-404B-919A-0B7985179BD9}.Debug|x64.ActiveCfg = Debug|x64
		{E37709C8-3244-404B-919A-0B7985179BD9}.Debug|x64.Build.0 = Debug|x64
		{E37709C8-3244-404B-919A-0B7985179BD9}.Debug|x86.ActiveCfg = Debug|Win32
		{E37709C8-3244-404B-919A-0B7985179BD9}.Debug|x86.Build.0 = Debug|Win32
		{E37709C8-3244-404B-919A-0B7985179BD9}.Release|Any CPU.ActiveCfg = Release|x64
		{E37709C8-3244-404B-919A-0B7985179BD9}.Release|Any CPU.Build.0 = Release|x64
		{E37709C8-3244-404B-919A-0B7985179BD9}.Release|x64.ActiveCfg = Release|x64
		{E37709C8-3244-404B-919A-0B7985179BD9}.Release|x64.Build.0 = Release|x64
		{E37709C8-3244-404B-919A-0B7985179BD9}.Release|x86.ActiveCfg = Release|Win32
		{E37709C8-3244-404B-919A-0B7985179BD9}.Release|x86.Build.0 = Release|Win32
		{D9E1178B-DEEC-4E84-A76F-BAC5CE91564C}.Debug|Any CPU.ActiveCfg = Debug|x64
		{D9E1178B-DEEC-4E84-A76F-BAC5CE91564C}.Debug|Any CPU.Build.0 = Debug|x64
		{D9E1178B-DEEC-4E84-A76F-BAC5CE91564C}.Debug|x64.ActiveCfg = Debug|x64
		{D9E1178B-DEEC-4E84-A76F-BAC5CE91564C}.Debug|x64.Build.0 = Debug|x64
		{D9E1178B-DEEC-4E84-A76F-BAC5CE91564C}.Debug|x86.ActiveCfg = Debug|Win32
		{D9E1178B-DEEC-4E84-A76F-BAC5CE91564C}.Debug|x86.Build.0 = Debug|Win32
		{D9E1178B-DEEC-4E84-A76F-BAC5CE91564C}.Release|Any CPU.ActiveCfg = Release|x64
		{D9E1178B-DEEC-4E84-A76F-BAC5CE91564C}.Release|Any CPU.Build.0 = Release|x64
		{D9E1178B-DEEC-4E84-A76F-BAC5CE91564C}.Release|x64.ActiveCfg = Release|x64
		{D9E1178B-DEEC-4E84-A76F-BAC5CE91564C}.Release|x64.Build.0 = Release|x64
		{D9E1178B-DEEC-4E84-A76F-BAC5CE91564C}.Release|x86.ActiveCfg = Release|Win32
		{D9E1178B-DEEC-4E84-A76F-BAC5CE91564C}.Release|x86.Build.0 = Release|Win32
		{43E7E50F-8158-4C10-959F-66B448E3F65F}.Debug|Any CPU.ActiveCfg = Debug|Any CPU
		{43E7E50F-8158-4C10-959F-66B448E3F65F}.Debug|x64.ActiveCfg = Debug|Any CPU
		{43E7E50F-8158-4C10-959F-66B448E3F65F}.Debug|x86.ActiveCfg = Debug|Any CPU
		{43E7E50F-8158-4C10-959F-66B448E3F65F}.Release|Any CPU.ActiveCfg = Release|Any CPU
		{43E7E50F-8158-4C10-959F-66B448E3F65F}.Release|x64.ActiveCfg = Release|Any CPU
		{43E7E50F-8158-4C10-959F-66B448E3F65F}.Release|x86.ActiveCfg = Release|Any CPU
	EndGlobalSection
	GlobalSection(SolutionProperties) = preSolution
		HideSolutionNode = FALSE
	EndGlobalSection
	GlobalSection(NestedProjects) = preSolution
		{43E7E50F-8158-4C10-959F-66B448E3F65F} = {DFBC82E3-1B5B-41EF-847C-E233DBE5C063}
	EndGlobalSection
	GlobalSection(ExtensibilityGlobals) = postSolution
		SolutionGuid = {F81B0934-9F2D-4A9E-A2B2-DD9152DA368E}
	EndGlobalSection
EndGlobal
